
Microsoft Visual Studio Solution File, Format Version 12.00
# Visual Studio Version 17
VisualStudioVersion = 17.3.32929.385
MinimumVisualStudioVersion = 10.0.40219.1
Project("{FAE04EC0-301F-11D3-BF4B-00C04F79EFBC}") = "ConsoleApp16", "ConsoleApp16.csproj", "{89241576-54CD-420D-B09A-7DB9E21324DB}"
EndProject
Global
	GlobalSection(SolutionConfigurationPlatforms) = preSolution
		Debug|Any CPU = Debug|Any CPU
		Release|Any CPU = Release|Any CPU
	EndGlobalSection
	GlobalSection(ProjectConfigurationPlatforms) = postSolution
		{89241576-54CD-420D-B09A-7DB9E21324DB}.Debug|Any CPU.ActiveCfg = Debug|Any CPU
		{89241576-54CD-420D-B09A-7DB9E21324DB}.Debug|Any CPU.Build.0 = Debug|Any CPU
		{89241576-54CD-420D-B09A-7DB9E21324DB}.Release|Any CPU.ActiveCfg = Release|Any CPU
		{89241576-54CD-420D-B09A-7DB9E21324DB}.Release|Any CPU.Build.0 = Release|Any CPU
	EndGlobalSection
	GlobalSection(SolutionProperties) = preSolution
		HideSolutionNode = FALSE
	EndGlobalSection
	GlobalSection(ExtensibilityGlobals) = postSolution
		SolutionGuid = {D352FD92-DC77-410F-9C31-E63DFC12C7BF}
	EndGlobalSection
EndGlobal
